
Microsoft Visual Studio Solution File, Format Version 12.00
# Visual Studio 15
VisualStudioVersion = 15.0.33529.398
MinimumVisualStudioVersion = 10.0.40219.1
Project("{FAE04EC0-301F-11D3-BF4B-00C04F79EFBC}") = "APITest", "APITest\APITest.csproj", "{16EFEAA1-D627-4AC8-8E71-6CA9ECC2A96C}"
EndProject
Global
	GlobalSection(SolutionConfigurationPlatforms) = preSolution
		Debug|Any CPU = Debug|Any CPU
		Release|Any CPU = Release|Any CPU
	EndGlobalSection
	GlobalSection(ProjectConfigurationPlatforms) = postSolution
		{16EFEAA1-D627-4AC8-8E71-6CA9ECC2A96C}.Debug|Any CPU.ActiveCfg = Debug|Any CPU
		{16EFEAA1-D627-4AC8-8E71-6CA9ECC2A96C}.Debug|Any CPU.Build.0 = Debug|Any CPU
		{16EFEAA1-D627-4AC8-8E71-6CA9ECC2A96C}.Release|Any CPU.ActiveCfg = Release|Any CPU
		{16EFEAA1-D627-4AC8-8E71-6CA9ECC2A96C}.Release|Any CPU.Build.0 = Release|Any CPU
	EndGlobalSection
	GlobalSection(SolutionProperties) = preSolution
		HideSolutionNode = FALSE
	EndGlobalSection
	GlobalSection(ExtensibilityGlobals) = postSolution
		SolutionGuid = {1EB16FB7-5819-40A9-87A3-DD4F34ECF382}
	EndGlobalSection
EndGlobal
